
Microsoft Visual Studio Solution File, Format Version 12.00
# Visual Studio Version 17
VisualStudioVersion = 17.5.33516.290
MinimumVisualStudioVersion = 10.0.40219.1
Project("{FAE04EC0-301F-11D3-BF4B-00C04F79EFBC}") = "NNC", "NNC\NNC.csproj", "{FD588B15-27F0-430D-91CB-E92EF8F8F55A}"
EndProject
Global
	GlobalSection(SolutionConfigurationPlatforms) = preSolution
		Debug|Any CPU = Debug|Any CPU
		Release|Any CPU = Release|Any CPU
	EndGlobalSection
	GlobalSection(ProjectConfigurationPlatforms) = postSolution
		{FD588B15-27F0-430D-91CB-E92EF8F8F55A}.Debug|Any CPU.ActiveCfg = Debug|Any CPU
		{FD588B15-27F0-430D-91CB-E92EF8F8F55A}.Debug|Any CPU.Build.0 = Debug|Any CPU
		{FD588B15-27F0-430D-91CB-E92EF8F8F55A}.Release|Any CPU.ActiveCfg = Release|Any CPU
		{FD588B15-27F0-430D-91CB-E92EF8F8F55A}.Release|Any CPU.Build.0 = Release|Any CPU
	EndGlobalSection
	GlobalSection(SolutionProperties) = preSolution
		HideSolutionNode = FALSE
	EndGlobalSection
	GlobalSection(ExtensibilityGlobals) = postSolution
		SolutionGuid = {C216CC3B-026F-47A0-B792-6DAB815BEA05}
	EndGlobalSection
EndGlobal
